// !$*UTF8*$!
{
	archiveVersion = 1;
	classes = {
	};
	objectVersion = 46;
	objects = {

/* Begin PBXBuildFile section */
		BD75D6841C28C7850021654B /* AppDelegate.swift in Sources */ = {isa = PBXBuildFile; fileRef = BD75D6831C28C7850021654B /* AppDelegate.swift */; };
		BD75D6861C28C7850021654B /* ViewController.swift in Sources */ = {isa = PBXBuildFile; fileRef = BD75D6851C28C7850021654B /* ViewController.swift */; };
		BD75D6891C28C7850021654B /* Main.storyboard in Resources */ = {isa = PBXBuildFile; fileRef = BD75D6871C28C7850021654B /* Main.storyboard */; };
		BD75D68B1C28C7850021654B /* Assets.xcassets in Resources */ = {isa = PBXBuildFile; fileRef = BD75D68A1C28C7850021654B /* Assets.xcassets */; };
		BD75D68E1C28C7850021654B /* LaunchScreen.storyboard in Resources */ = {isa = PBXBuildFile; fileRef = BD75D68C1C28C7850021654B /* LaunchScreen.storyboard */; };
		BDE1C6851C28FD71006DF8E6 /* TableViewController.swift in Sources */ = {isa = PBXBuildFile; fileRef = BDE1C6841C28FD71006DF8E6 /* TableViewController.swift */; };
		BDE1C6871C29002C006DF8E6 /* CoreLocation.framework in Frameworks */ = {isa = PBXBuildFile; fileRef = BDE1C6861C29002C006DF8E6 /* CoreLocation.framework */; };
/* End PBXBuildFile section */

/* Begin PBXFileReference section */
		BD75D6801C28C7850021654B /* Memorable Places.app */ = {isa = PBXFileReference; explicitFileType = wrapper.application; includeInIndex = 0; path = "Memorable Places.app"; sourceTree = BUILT_PRODUCTS_DIR; };
		BD75D6831C28C7850021654B /* AppDelegate.swift */ = {isa = PBXFileReference; lastKnownFileType = sourcecode.swift; path = AppDelegate.swift; sourceTree = "<group>"; };
		BD75D6851C28C7850021654B /* ViewController.swift */ = {isa = PBXFileReference; lastKnownFileType = sourcecode.swift; path = ViewController.swift; sourceTree = "<group>"; };
		BD75D6881C28C7850021654B /* Base */ = {isa = PBXFileReference; lastKnownFileType = file.storyboard; name = Base; path = Base.lproj/Main.storyboard; sourceTree = "<group>"; };
		BD75D68A1C28C7850021654B /* Assets.xcassets */ = {isa = PBXFileReference; lastKnownFileType = folder.assetcatalog; path = Assets.xcassets; sourceTree = "<group>"; };
		BD75D68D1C28C7850021654B /* Base */ = {isa = PBXFileReference; lastKnownFileType = file.storyboard; name = Base; path = Base.lproj/LaunchScreen.storyboard; sourceTree = "<group>"; };
		BD75D68F1C28C7850021654B /* Info.plist */ = {isa = PBXFileReference; lastKnownFileType = text.plist.xml; path = Info.plist; sourceTree = "<group>"; };
		BDE1C6841C28FD71006DF8E6 /* TableViewController.swift */ = {isa = PBXFileReference; fileEncoding = 4; lastKnownFileType = sourcecode.swift; path = TableViewController.swift; sourceTree = "<group>"; };
		BDE1C6861C29002C006DF8E6 /* CoreLocation.framework */ = {isa = PBXFileReference; lastKnownFileType = wrapper.framework; name = CoreLocation.framework; path = System/Library/Frameworks/CoreLocation.framework; sourceTree = SDKROOT; };
/* End PBXFileReference section */

/* Begin PBXFrameworksBuildPhase section */
		BD75D67D1C28C7850021654B /* Frameworks */ = {
			isa = PBXFrameworksBuildPhase;
			buildActionMask = 2147483647;
			files = (
				BDE1C6871C29002C006DF8E6 /* CoreLocation.framework in Frameworks */,
			);
			runOnlyForDeploymentPostprocessing = 0;
		};
/* End PBXFrameworksBuildPhase section */

/* Begin PBXGroup section */
		BD75D6771C28C7850021654B = {
			isa = PBXGroup;
			children = (
				BDE1C6861C29002C006DF8E6 /* CoreLocation.framework */,
				BD75D6821C28C7850021654B /* Memorable Places */,
				BD75D6811C28C7850021654B /* Products */,
			);
			sourceTree = "<group>";
		};
		BD75D6811C28C7850021654B /* Products */ = {
			isa = PBXGroup;
			children = (
				BD75D6801C28C7850021654B /* Memorable Places.app */,
			);
			name = Products;
			sourceTree = "<group>";
		};
		BD75D6821C28C7850021654B /* Memorable Places */ = {
			isa = PBXGroup;
			children = (
				BD75D6831C28C7850021654B /* AppDelegate.swift */,
				BD75D6851C28C7850021654B /* ViewController.swift */,
				BD75D6871C28C7850021654B /* Main.storyboard */,
				BDE1C6841C28FD71006DF8E6 /* TableViewController.swift */,
				BD75D68A1C28C7850021654B /* Assets.xcassets */,
				BD75D68C1C28C7850021654B /* LaunchScreen.storyboard */,
				BD75D68F1C28C7850021654B /* Info.plist */,
			);
			path = "Memorable Places";
			sourceTree = "<group>";
		};
/* End PBXGroup section */

/* Begin PBXNativeTarget section */
		BD75D67F1C28C7850021654B /* Memorable Places */ = {
			isa = PBXNativeTarget;
			buildConfigurationList = BD75D6921C28C7850021654B /* Build configuration list for PBXNativeTarget "Memorable Places" */;
			buildPhases = (
				BD75D67C1C28C7850021654B /* Sources */,
				BD75D67D1C28C7850021654B /* Frameworks */,
				BD75D67E1C28C7850021654B /* Resources */,
			);
			buildRules = (
			);
			dependencies = (
			);
			name = "Memorable Places";
			productName = "Memorable Places";
			productReference = BD75D6801C28C7850021654B /* Memorable Places.app */;
			productType = "com.apple.product-type.application";
		};
/* End PBXNativeTarget section */

/* Begin PBXProject section */
		BD75D6781C28C7850021654B /* Project object */ = {
			isa = PBXProject;
			attributes = {
				LastSwiftUpdateCheck = 0710;
				LastUpgradeCheck = 0710;
				ORGANIZATIONNAME = Digimark;
				TargetAttributes = {
					BD75D67F1C28C7850021654B = {
						CreatedOnToolsVersion = 7.1.1;
					};
				};
			};
			buildConfigurationList = BD75D67B1C28C7850021654B /* Build configuration list for PBXProject "Memorable Places" */;
			compatibilityVersion = "Xcode 3.2";
			developmentRegion = English;
			hasScannedForEncodings = 0;
			knownRegions = (
				en,
				Base,
			);
			mainGroup = BD75D6771C28C7850021654B;
			productRefGroup = BD75D6811C28C7850021654B /* Products */;
			projectDirPath = "";
			projectRoot = "";
			targets = (
				BD75D67F1C28C7850021654B /* Memorable Places */,
			);
		};
/* End PBXProject section */

/* Begin PBXResourcesBuildPhase section */
		BD75D67E1C28C7850021654B /* Resources */ = {
			isa = PBXResourcesBuildPhase;
			buildActionMask = 2147483647;
			files = (
				BD75D68E1C28C7850021654B /* LaunchScreen.storyboard in Resources */,
				BD75D68B1C28C7850021654B /* Assets.xcassets in Resources */,
				BD75D6891C28C7850021654B /* Main.storyboard in Resources */,
			);
			runOnlyForDeploymentPostprocessing = 0;
		};
/* End PBXResourcesBuildPhase section */

/* Begin PBXSourcesBuildPhase section */
		BD75D67C1C28C7850021654B /* Sources */ = {
			isa = PBXSourcesBuildPhase;
			buildActionMask = 2147483647;
			files = (
				BD75D6861C28C7850021654B /* ViewController.swift in Sources */,
				BDE1C6851C28FD71006DF8E6 /* TableViewController.swift in Sources */,
				BD75D6841C28C7850021654B /* AppDelegate.swift in Sources */,
			);
			runOnlyForDeploymentPostprocessing = 0;
		};
/* End PBXSourcesBuildPhase section */

/* Begin PBXVariantGroup section */
		BD75D6871C28C7850021654B /* Main.storyboard */ = {
			isa = PBXVariantGroup;
			children = (
				BD75D6881C28C7850021654B /* Base */,
			);
			name = Main.storyboard;
			sourceTree = "<group>";
		};
		BD75D68C1C28C7850021654B /* LaunchScreen.storyboard */ = {
			isa = PBXVariantGroup;
			children = (
				BD75D68D1C28C7850021654B /* Base */,
			);
			name = LaunchScreen.storyboard;
			sourceTree = "<group>";
		};
/* End PBXVariantGroup section */

/* Begin XCBuildConfiguration section */
		BD75D6901C28C7850021654B /* Debug */ = {
			isa = XCBuildConfiguration;
			buildSettings = {
				ALWAYS_SEARCH_USER_PATHS = NO;
				CLANG_CXX_LANGUAGE_STANDARD = "gnu++0x";
				CLANG_CXX_LIBRARY = "libc++";
				CLANG_ENABLE_MODULES = YES;
				CLANG_ENABLE_OBJC_ARC = YES;
				CLANG_WARN_BOOL_CONVERSION = YES;
				CLANG_WARN_CONSTANT_CONVERSION = YES;
				CLANG_WARN_DIRECT_OBJC_ISA_USAGE = YES_ERROR;
				CLANG_WARN_EMPTY_BODY = YES;
				CLANG_WARN_ENUM_CONVERSION = YES;
				CLANG_WARN_INT_CONVERSION = YES;
				CLANG_WARN_OBJC_ROOT_CLASS = YES_ERROR;
				CLANG_WARN_UNREACHABLE_CODE = YES;
				CLANG_WARN__DUPLICATE_METHOD_MATCH = YES;
				"CODE_SIGN_IDENTITY[sdk=iphoneos*]" = "iPhone Developer";
				COPY_PHASE_STRIP = NO;
				DEBUG_INFORMATION_FORMAT = dwarf;
				ENABLE_STRICT_OBJC_MSGSEND = YES;
				ENABLE_TESTABILITY = YES;
				GCC_C_LANGUAGE_STANDARD = gnu99;
				GCC_DYNAMIC_NO_PIC = NO;
				GCC_NO_COMMON_BLOCKS = YES;
				GCC_OPTIMIZATION_LEVEL = 0;
				GCC_PREPROCESSOR_DEFINITIONS = (
					"DEBUG=1",
					"$(inherited)",
				);
				GCC_WARN_64_TO_32_BIT_CONVERSION = YES;
				GCC_WARN_ABOUT_RETURN_TYPE = YES_ERROR;
				GCC_WARN_UNDECLARED_SELECTOR = YES;
				GCC_WARN_UNINITIALIZED_AUTOS = YES_AGGRESSIVE;
				GCC_WARN_UNUSED_FUNCTION = YES;
				GCC_WARN_UNUSED_VARIABLE = YES;
				IPHONEOS_DEPLOYMENT_TARGET = 9.1;
				MTL_ENABLE_DEBUG_INFO = YES;
				ONLY_ACTIVE_ARCH = YES;
				SDKROOT = iphoneos;
				SWIFT_OPTIMIZATION_LEVEL = "-Onone";
			};
			name = Debug;
		};
		BD75D6911C28C7850021654B /* Release */ = {
			isa = XCBuildConfiguration;
			buildSettings = {
				ALWAYS_SEARCH_USER_PATHS = NO;
				CLANG_CXX_LANGUAGE_STANDARD = "gnu++0x";
				CLANG_CXX_LIBRARY = "libc++";
				CLANG_ENABLE_MODULES = YES;
				CLANG_ENABLE_OBJC_ARC = YES;
				CLANG_WARN_BOOL_CONVERSION = YES;
				CLANG_WARN_CONSTANT_CONVERSION = YES;
				CLANG_WARN_DIRECT_OBJC_ISA_USAGE = YES_ERROR;
				CLANG_WARN_EMPTY_BODY = YES;
				CLANG_WARN_ENUM_CONVERSION = YES;
				CLANG_WARN_INT_CONVERSION = YES;
				CLANG_WARN_OBJC_ROOT_CLASS = YES_ERROR;
				CLANG_WARN_UNREACHABLE_CODE = YES;
				CLANG_WARN__DUPLICATE_METHOD_MATCH = YES;
				"CODE_SIGN_IDENTITY[sdk=iphoneos*]" = "iPhone Developer";
				COPY_PHASE_STRIP = NO;
				DEBUG_INFORMATION_FORMAT = "dwarf-with-dsym";
				ENABLE_NS_ASSERTIONS = NO;
				ENABLE_STRICT_OBJC_MSGSEND = YES;
				GCC_C_LANGUAGE_STANDARD = gnu99;
				GCC_NO_COMMON_BLOCKS = YES;
				GCC_WARN_64_TO_32_BIT_CONVERSION = YES;
				GCC_WARN_ABOUT_RETURN_TYPE = YES_ERROR;
				GCC_WARN_UNDECLARED_SELECTOR = YES;
				GCC_WARN_UNINITIALIZED_AUTOS = YES_AGGRESSIVE;
				GCC_WARN_UNUSED_FUNCTION = YES;
				GCC_WARN_UNUSED_VARIABLE = YES;
				IPHONEOS_DEPLOYMENT_TARGET = 9.1;
				MTL_ENABLE_DEBUG_INFO = NO;
				SDKROOT = iphoneos;
				VALIDATE_PRODUCT = YES;
			};
			name = Release;
		};
		BD75D6931C28C7850021654B /* Debug */ = {
			isa = XCBuildConfiguration;
			buildSettings = {
				ASSETCATALOG_COMPILER_APPICON_NAME = AppIcon;
				INFOPLIST_FILE = "Memorable Places/Info.plist";
				LD_RUNPATH_SEARCH_PATHS = "$(inherited) @executable_path/Frameworks";
				PRODUCT_BUNDLE_IDENTIFIER = "com.digimark.Memorable-Places";
				PRODUCT_NAME = "$(TARGET_NAME)";
			};
			name = Debug;
		};
		BD75D6941C28C7850021654B /* Release */ = {
			isa = XCBuildConfiguration;
			buildSettings = {
				ASSETCATALOG_COMPILER_APPICON_NAME = AppIcon;
				INFOPLIST_FILE = "Memorable Places/Info.plist";
				LD_RUNPATH_SEARCH_PATHS = "$(inherited) @executable_path/Frameworks";
				PRODUCT_BUNDLE_IDENTIFIER = "com.digimark.Memorable-Places";
				PRODUCT_NAME = "$(TARGET_NAME)";
			};
			name = Release;
		};
/* End XCBuildConfiguration section */

/* Begin XCConfigurationList section */
		BD75D67B1C28C7850021654B /* Build configuration list for PBXProject "Memorable Places" */ = {
			isa = XCConfigurationList;
			buildConfigurations = (
				BD75D6901C28C7850021654B /* Debug */,
				BD75D6911C28C7850021654B /* Release */,
			);
			defaultConfigurationIsVisible = 0;
			defaultConfigurationName = Release;
		};
		BD75D6921C28C7850021654B /* Build configuration list for PBXNativeTarget "Memorable Places" */ = {
			isa = XCConfigurationList;
			buildConfigurations = (
				BD75D6931C28C7850021654B /* Debug */,
				BD75D6941C28C7850021654B /* Release */,
			);
			defaultConfigurationIsVisible = 0;
			defaultConfigurationName = Release;
		};
/* End XCConfigurationList section */
	};
	rootObject = BD75D6781C28C7850021654B /* Project object */;
}
